
Microsoft Visual Studio Solution File, Format Version 12.00
# Visual Studio Express 2012 for Windows Desktop
Project("{911E67C6-3D85-4FCE-B560-20A9C3E3FF48}") = "teeworlds_srv_d", "teeworlds_srv_d.exe", "{7651C6AA-C9E9-47A6-A080-E92A5E31203F}"
	ProjectSection(DebuggerProjectSystem) = preProject
		PortSupplier = 00000000-0000-0000-0000-000000000000
		Executable = C:\Users\Paddel\Desktop\Sourcen\Dropbox\#Mod-Base(RPG)\teeworlds_srv_d.exe
		RemoteMachine = PADDEL-PC
		StartingDirectory = C:\Users\Paddel\Desktop\Sourcen\Dropbox\#Mod-Base(RPG)
		Environment = Standard
		LaunchingEngine = 00000000-0000-0000-0000-000000000000
		LaunchSQLEngine = No
		AttachLaunchAction = No
	EndProjectSection
EndProject
Global
	GlobalSection(SolutionConfigurationPlatforms) = preSolution
		Debug|x86 = Debug|x86
	EndGlobalSection
	GlobalSection(ProjectConfigurationPlatforms) = postSolution
		{7651C6AA-C9E9-47A6-A080-E92A5E31203F}.Debug|x86.ActiveCfg = Debug|x86
	EndGlobalSection
	GlobalSection(SolutionProperties) = preSolution
		HideSolutionNode = FALSE
	EndGlobalSection
EndGlobal
