
Microsoft Visual Studio Solution File, Format Version 12.00
# Visual Studio Express 2012 for Windows Desktop
Project("{911E67C6-3D85-4FCE-B560-20A9C3E3FF48}") = "teeworlds_srv_d", "teeworlds_srv_d.exe", "{8F60E088-EC4E-4163-AF35-7E93F6909E07}"
	ProjectSection(DebuggerProjectSystem) = preProject
		PortSupplier = 00000000-0000-0000-0000-000000000000
		Executable = C:\Users\Paddel\Desktop\Sourcen\World-of-Tees\teeworlds_srv_d.exe
		RemoteMachine = PADDEL-PC
		StartingDirectory = C:\Users\Paddel\Desktop\Sourcen\World-of-Tees
		Environment = Standard
		LaunchingEngine = 00000000-0000-0000-0000-000000000000
		LaunchSQLEngine = No
		AttachLaunchAction = No
	EndProjectSection
EndProject
Global
	GlobalSection(SolutionConfigurationPlatforms) = preSolution
		Debug|x86 = Debug|x86
	EndGlobalSection
	GlobalSection(ProjectConfigurationPlatforms) = postSolution
		{8F60E088-EC4E-4163-AF35-7E93F6909E07}.Debug|x86.ActiveCfg = Debug|x86
	EndGlobalSection
	GlobalSection(SolutionProperties) = preSolution
		HideSolutionNode = FALSE
	EndGlobalSection
EndGlobal
